Microsoft Visual Studio Solution File, Format Version 11.00
# Visual Studio 2008

Project("{0D16A6CB-2CA3-4D65-DA94-9608A7BC01D1}") = "0.02", "Assembly-CSharp.csproj", "{50AD8585-0EC4-38EC-5A98-06E283C4657A}"
EndProject
Project("{0D16A6CB-2CA3-4D65-DA94-9608A7BC01D1}") = "0.02", "Assembly-UnityScript-firstpass.unityproj", "{C5F12347-C4A5-CCAA-5A08-F292B2E60C67}"
EndProject
Project("{0D16A6CB-2CA3-4D65-DA94-9608A7BC01D1}") = "0.02", "Assembly-UnityScript.unityproj", "{EC62F004-442D-6656-1435-4215C48BC28F}"
EndProject
Global
	GlobalSection(SolutionConfigurationPlatforms) = preSolution
		Debug|Any CPU = Debug|Any CPU
		Release|Any CPU = Release|Any CPU
	EndGlobalSection
	GlobalSection(ProjectConfigurationPlatforms) = postSolution
		{50AD8585-0EC4-38EC-5A98-06E283C4657A}.Debug|Any CPU.ActiveCfg = Debug|Any CPU
		{50AD8585-0EC4-38EC-5A98-06E283C4657A}.Debug|Any CPU.Build.0 = Debug|Any CPU
		{50AD8585-0EC4-38EC-5A98-06E283C4657A}.Release|Any CPU.ActiveCfg = Release|Any CPU
		{50AD8585-0EC4-38EC-5A98-06E283C4657A}.Release|Any CPU.Build.0 = Release|Any CPU
		{C5F12347-C4A5-CCAA-5A08-F292B2E60C67}.Debug|Any CPU.ActiveCfg = Debug|Any CPU
		{C5F12347-C4A5-CCAA-5A08-F292B2E60C67}.Debug|Any CPU.Build.0 = Debug|Any CPU
		{C5F12347-C4A5-CCAA-5A08-F292B2E60C67}.Release|Any CPU.ActiveCfg = Release|Any CPU
		{C5F12347-C4A5-CCAA-5A08-F292B2E60C67}.Release|Any CPU.Build.0 = Release|Any CPU
		{EC62F004-442D-6656-1435-4215C48BC28F}.Debug|Any CPU.ActiveCfg = Debug|Any CPU
		{EC62F004-442D-6656-1435-4215C48BC28F}.Debug|Any CPU.Build.0 = Debug|Any CPU
		{EC62F004-442D-6656-1435-4215C48BC28F}.Release|Any CPU.ActiveCfg = Release|Any CPU
		{EC62F004-442D-6656-1435-4215C48BC28F}.Release|Any CPU.Build.0 = Release|Any CPU
	EndGlobalSection
	GlobalSection(SolutionProperties) = preSolution
		HideSolutionNode = FALSE
	EndGlobalSection
																																																																																			GlobalSection(MonoDevelopProperties) = preSolution
		StartupItem = Assembly-CSharp.csproj
		Policies = $0
		$0.TextStylePolicy = $1
		$1.inheritsSet = null
		$1.scope = text/x-csharp
		$0.CSharpFormattingPolicy = $2
		$2.inheritsSet = Mono
		$2.inheritsScope = text/x-csharp
		$2.scope = text/x-csharp
		$0.TextStylePolicy = $3
		$3.FileWidth = 120
		$3.TabWidth = 4
		$3.EolMarker = Unix
		$3.inheritsSet = Mono
		$3.inheritsScope = text/plain
		$3.scope = text/plain
	EndGlobalSection

EndGlobal
