Microsoft Visual Studio Solution File, Format Version 11.00
# Visual Studio 2008

Project("{9056944B-8528-010A-050E-32CB7F18B7C7}") = "Vehicle Physics With Enter & Exit", "Assembly-UnityScript-firstpass.unityproj", "{D0AB217E-15E9-3C2F-3EE4-6B877F8128EE}"
EndProject
Project("{9056944B-8528-010A-050E-32CB7F18B7C7}") = "Vehicle Physics With Enter & Exit", "Assembly-UnityScript.unityproj", "{11ACE71A-A031-E2F5-F0CB-05F40B524060}"
EndProject
Global
	GlobalSection(SolutionConfigurationPlatforms) = preSolution
		Debug|Any CPU = Debug|Any CPU
		Release|Any CPU = Release|Any CPU
	EndGlobalSection
	GlobalSection(ProjectConfigurationPlatforms) = postSolution
		{D0AB217E-15E9-3C2F-3EE4-6B877F8128EE}.Debug|Any CPU.ActiveCfg = Debug|Any CPU
		{D0AB217E-15E9-3C2F-3EE4-6B877F8128EE}.Debug|Any CPU.Build.0 = Debug|Any CPU
		{D0AB217E-15E9-3C2F-3EE4-6B877F8128EE}.Release|Any CPU.ActiveCfg = Release|Any CPU
		{D0AB217E-15E9-3C2F-3EE4-6B877F8128EE}.Release|Any CPU.Build.0 = Release|Any CPU
		{11ACE71A-A031-E2F5-F0CB-05F40B524060}.Debug|Any CPU.ActiveCfg = Debug|Any CPU
		{11ACE71A-A031-E2F5-F0CB-05F40B524060}.Debug|Any CPU.Build.0 = Debug|Any CPU
		{11ACE71A-A031-E2F5-F0CB-05F40B524060}.Release|Any CPU.ActiveCfg = Release|Any CPU
		{11ACE71A-A031-E2F5-F0CB-05F40B524060}.Release|Any CPU.Build.0 = Release|Any CPU
	EndGlobalSection
	GlobalSection(SolutionProperties) = preSolution
		HideSolutionNode = FALSE
	EndGlobalSection
						GlobalSection(MonoDevelopProperties) = preSolution
		StartupItem = Assembly-CSharp.csproj
		Policies = $0
		$0.TextStylePolicy = $1
		$1.inheritsSet = null
		$1.scope = text/x-csharp
		$0.CSharpFormattingPolicy = $2
		$2.inheritsSet = Mono
		$2.inheritsScope = text/x-csharp
		$2.scope = text/x-csharp
		$0.TextStylePolicy = $3
		$3.FileWidth = 120
		$3.TabWidth = 4
		$3.EolMarker = Unix
		$3.inheritsSet = Mono
		$3.inheritsScope = text/plain
		$3.scope = text/plain
	EndGlobalSection

EndGlobal
